
Microsoft Visual Studio Solution File, Format Version 12.00
# Visual Studio Version 17
VisualStudioVersion = 17.14.36203.30 d17.14
MinimumVisualStudioVersion = 10.0.40219.1
Project("{FAE04EC0-301F-11D3-BF4B-00C04F79EFBC}") = "ShiftsLogger.API", "ShiftsLogger.API\ShiftsLogger.API.csproj", "{54831395-5F91-4FD6-AD65-E2CFAD4F67F3}"
EndProject
Project("{FAE04EC0-301F-11D3-BF4B-00C04F79EFBC}") = "ShiftsLogger.UI", "ShiftsLogger.UI\ShiftsLogger.UI.csproj", "{831AB54F-2127-4636-B975-866BB6C366E4}"
EndProject
Global
	GlobalSection(SolutionConfigurationPlatforms) = preSolution
		Debug|Any CPU = Debug|Any CPU
		Release|Any CPU = Release|Any CPU
	EndGlobalSection
	GlobalSection(ProjectConfigurationPlatforms) = postSolution
		{54831395-5F91-4FD6-AD65-E2CFAD4F67F3}.Debug|Any CPU.ActiveCfg = Debug|Any CPU
		{54831395-5F91-4FD6-AD65-E2CFAD4F67F3}.Debug|Any CPU.Build.0 = Debug|Any CPU
		{54831395-5F91-4FD6-AD65-E2CFAD4F67F3}.Release|Any CPU.ActiveCfg = Release|Any CPU
		{54831395-5F91-4FD6-AD65-E2CFAD4F67F3}.Release|Any CPU.Build.0 = Release|Any CPU
		{831AB54F-2127-4636-B975-866BB6C366E4}.Debug|Any CPU.ActiveCfg = Debug|Any CPU
		{831AB54F-2127-4636-B975-866BB6C366E4}.Debug|Any CPU.Build.0 = Debug|Any CPU
		{831AB54F-2127-4636-B975-866BB6C366E4}.Release|Any CPU.ActiveCfg = Release|Any CPU
		{831AB54F-2127-4636-B975-866BB6C366E4}.Release|Any CPU.Build.0 = Release|Any CPU
	EndGlobalSection
	GlobalSection(SolutionProperties) = preSolution
		HideSolutionNode = FALSE
	EndGlobalSection
	GlobalSection(ExtensibilityGlobals) = postSolution
		SolutionGuid = {24BAC3B6-DE56-4404-B3E8-5FC8D06719F4}
	EndGlobalSection
EndGlobal
